{
  "requires": true,
  "lockfileVersion": 1,
  "dependencies": {
    "jc-base": {
      "version": "0.1.1",
      "resolved": "http://icon.jcinfo.com:4873/jc-base/-/jc-base-0.1.1.tgz",
      "integrity": "sha1-OozMVKRYx7AHSKgoO7IV4QL2SEY="
    },
    "jc-dynrow": {
      "version": "0.1.1",
      "resolved": "http://icon.jcinfo.com:4873/jc-dynrow/-/jc-dynrow-0.1.1.tgz",
      "integrity": "sha1-0CF4n89mdx13P6MzsrcFT0iyMPg=",
      "dev": true
    },
    "jc-layer": {
      "version": "0.1.1",
      "resolved": "http://icon.jcinfo.com:4873/jc-layer/-/jc-layer-0.1.1.tgz",
      "integrity": "sha1-hs26JDNYdDabEurf5nVLQ9AIoNo=",
      "dev": true
    },
    "jc-webuploader": {
      "version": "0.1.1",
      "resolved": "http://icon.jcinfo.com:4873/jc-webuploader/-/jc-webuploader-0.1.1.tgz",
      "integrity": "sha1-M8doTNKW9VO0+imoLl6djgZ6v+4=",
      "dev": true
    },
    "jc-tree": {
      "version": "0.1.1",
      "resolved": "http://icon.jcinfo.com:4873/jc-webuploader/-/jc-tree-0.1.1.tgz",
      "integrity": "sha1-M8doTNKW9VO0+imoLl6djgZ6v+4=",
      "dev": true
    }
  }
}
